
Microsoft Visual Studio Solution File, Format Version 12.00
# Visual Studio Version 17
VisualStudioVersion = 17.9.34723.18
MinimumVisualStudioVersion = 10.0.40219.1
Project("{FAE04EC0-301F-11D3-BF4B-00C04F79EFBC}") = "KTPM_code", "KTPM_code\KTPM_code.csproj", "{0C85BE21-34A3-4E65-9952-1BC05C188B70}"
EndProject
Project("{FAE04EC0-301F-11D3-BF4B-00C04F79EFBC}") = "CaculatorTester", "CaculatorTester\CaculatorTester.csproj", "{18922B7D-FF4D-463F-93A1-EB284649CD7E}"
EndProject
Global
	GlobalSection(SolutionConfigurationPlatforms) = preSolution
		Debug|Any CPU = Debug|Any CPU
		Release|Any CPU = Release|Any CPU
	EndGlobalSection
	GlobalSection(ProjectConfigurationPlatforms) = postSolution
		{0C85BE21-34A3-4E65-9952-1BC05C188B70}.Debug|Any CPU.ActiveCfg = Debug|Any CPU
		{0C85BE21-34A3-4E65-9952-1BC05C188B70}.Debug|Any CPU.Build.0 = Debug|Any CPU
		{0C85BE21-34A3-4E65-9952-1BC05C188B70}.Release|Any CPU.ActiveCfg = Release|Any CPU
		{0C85BE21-34A3-4E65-9952-1BC05C188B70}.Release|Any CPU.Build.0 = Release|Any CPU
		{18922B7D-FF4D-463F-93A1-EB284649CD7E}.Debug|Any CPU.ActiveCfg = Debug|Any CPU
		{18922B7D-FF4D-463F-93A1-EB284649CD7E}.Debug|Any CPU.Build.0 = Debug|Any CPU
		{18922B7D-FF4D-463F-93A1-EB284649CD7E}.Release|Any CPU.ActiveCfg = Release|Any CPU
		{18922B7D-FF4D-463F-93A1-EB284649CD7E}.Release|Any CPU.Build.0 = Release|Any CPU
	EndGlobalSection
	GlobalSection(SolutionProperties) = preSolution
		HideSolutionNode = FALSE
	EndGlobalSection
	GlobalSection(ExtensibilityGlobals) = postSolution
		SolutionGuid = {90D75893-A4F4-4618-A8F4-0B243C630C21}
	EndGlobalSection
EndGlobal
